// !$*UTF8*$!
{
	archiveVersion = 1;
	classes = {
	};
	objectVersion = 56;
	objects = {

/* Begin PBXBuildFile section */
		76FFBF7D2B9E0802002C4BF6 /* StripeTPQApp.swift in Sources */ = {isa = PBXBuildFile; fileRef = 76FFBF7C2B9E0802002C4BF6 /* StripeTPQApp.swift */; };
		76FFBF7F2B9E0802002C4BF6 /* ContentView.swift in Sources */ = {isa = PBXBuildFile; fileRef = 76FFBF7E2B9E0802002C4BF6 /* ContentView.swift */; };
		76FFBF812B9E0802002C4BF6 /* Item.swift in Sources */ = {isa = PBXBuildFile; fileRef = 76FFBF802B9E0802002C4BF6 /* Item.swift */; };
		76FFBF832B9E0804002C4BF6 /* Assets.xcassets in Resources */ = {isa = PBXBuildFile; fileRef = 76FFBF822B9E0804002C4BF6 /* Assets.xcassets */; };
		76FFBF862B9E0804002C4BF6 /* Preview Assets.xcassets in Resources */ = {isa = PBXBuildFile; fileRef = 76FFBF852B9E0804002C4BF6 /* Preview Assets.xcassets */; };
		76FFBF902B9E0804002C4BF6 /* StripeTPQTests.swift in Sources */ = {isa = PBXBuildFile; fileRef = 76FFBF8F2B9E0804002C4BF6 /* StripeTPQTests.swift */; };
		76FFBF9A2B9E0804002C4BF6 /* StripeTPQUITests.swift in Sources */ = {isa = PBXBuildFile; fileRef = 76FFBF992B9E0804002C4BF6 /* StripeTPQUITests.swift */; };
		76FFBF9C2B9E0804002C4BF6 /* StripeTPQUITestsLaunchTests.swift in Sources */ = {isa = PBXBuildFile; fileRef = 76FFBF9B2B9E0804002C4BF6 /* StripeTPQUITestsLaunchTests.swift */; };
/* End PBXBuildFile section */

/* Begin PBXContainerItemProxy section */
		76FFBF8C2B9E0804002C4BF6 /* PBXContainerItemProxy */ = {
			isa = PBXContainerItemProxy;
			containerPortal = 76FFBF712B9E0802002C4BF6 /* Project object */;
			proxyType = 1;
			remoteGlobalIDString = 76FFBF782B9E0802002C4BF6;
			remoteInfo = StripeTPQ;
		};
		76FFBF962B9E0804002C4BF6 /* PBXContainerItemProxy */ = {
			isa = PBXContainerItemProxy;
			containerPortal = 76FFBF712B9E0802002C4BF6 /* Project object */;
			proxyType = 1;
			remoteGlobalIDString = 76FFBF782B9E0802002C4BF6;
			remoteInfo = StripeTPQ;
		};
/* End PBXContainerItemProxy section */

/* Begin PBXFileReference section */
		76FFBF792B9E0802002C4BF6 /* StripeTPQ.app */ = {isa = PBXFileReference; explicitFileType = wrapper.application; includeInIndex = 0; path = StripeTPQ.app; sourceTree = BUILT_PRODUCTS_DIR; };
		76FFBF7C2B9E0802002C4BF6 /* StripeTPQApp.swift */ = {isa = PBXFileReference; lastKnownFileType = sourcecode.swift; path = StripeTPQApp.swift; sourceTree = "<group>"; };
		76FFBF7E2B9E0802002C4BF6 /* ContentView.swift */ = {isa = PBXFileReference; lastKnownFileType = sourcecode.swift; path = ContentView.swift; sourceTree = "<group>"; };
		76FFBF802B9E0802002C4BF6 /* Item.swift */ = {isa = PBXFileReference; lastKnownFileType = sourcecode.swift; path = Item.swift; sourceTree = "<group>"; };
		76FFBF822B9E0804002C4BF6 /* Assets.xcassets */ = {isa = PBXFileReference; lastKnownFileType = folder.assetcatalog; path = Assets.xcassets; sourceTree = "<group>"; };
		76FFBF852B9E0804002C4BF6 /* Preview Assets.xcassets */ = {isa = PBXFileReference; lastKnownFileType = folder.assetcatalog; path = "Preview Assets.xcassets"; sourceTree = "<group>"; };
		76FFBF8B2B9E0804002C4BF6 /* StripeTPQTests.xctest */ = {isa = PBXFileReference; explicitFileType = wrapper.cfbundle; includeInIndex = 0; path = StripeTPQTests.xctest; sourceTree = BUILT_PRODUCTS_DIR; };
		76FFBF8F2B9E0804002C4BF6 /* StripeTPQTests.swift */ = {isa = PBXFileReference; lastKnownFileType = sourcecode.swift; path = StripeTPQTests.swift; sourceTree = "<group>"; };
		76FFBF952B9E0804002C4BF6 /* StripeTPQUITests.xctest */ = {isa = PBXFileReference; explicitFileType = wrapper.cfbundle; includeInIndex = 0; path = StripeTPQUITests.xctest; sourceTree = BUILT_PRODUCTS_DIR; };
		76FFBF992B9E0804002C4BF6 /* StripeTPQUITests.swift */ = {isa = PBXFileReference; lastKnownFileType = sourcecode.swift; path = StripeTPQUITests.swift; sourceTree = "<group>"; };
		76FFBF9B2B9E0804002C4BF6 /* StripeTPQUITestsLaunchTests.swift */ = {isa = PBXFileReference; lastKnownFileType = sourcecode.swift; path = StripeTPQUITestsLaunchTests.swift; sourceTree = "<group>"; };
/* End PBXFileReference section */

/* Begin PBXFrameworksBuildPhase section */
		76FFBF762B9E0802002C4BF6 /* Frameworks */ = {
			isa = PBXFrameworksBuildPhase;
			buildActionMask = 2147483647;
			files = (
			);
			runOnlyForDeploymentPostprocessing = 0;
		};
		76FFBF882B9E0804002C4BF6 /* Frameworks */ = {
			isa = PBXFrameworksBuildPhase;
			buildActionMask = 2147483647;
			files = (
			);
			runOnlyForDeploymentPostprocessing = 0;
		};
		76FFBF922B9E0804002C4BF6 /* Frameworks */ = {
			isa = PBXFrameworksBuildPhase;
			buildActionMask = 2147483647;
			files = (
			);
			runOnlyForDeploymentPostprocessing = 0;
		};
/* End PBXFrameworksBuildPhase section */

/* Begin PBXGroup section */
		76FFBF702B9E0802002C4BF6 = {
			isa = PBXGroup;
			children = (
				76FFBF7B2B9E0802002C4BF6 /* StripeTPQ */,
				76FFBF8E2B9E0804002C4BF6 /* StripeTPQTests */,
				76FFBF982B9E0804002C4BF6 /* StripeTPQUITests */,
				76FFBF7A2B9E0802002C4BF6 /* Products */,
			);
			sourceTree = "<group>";
		};
		76FFBF7A2B9E0802002C4BF6 /* Products */ = {
			isa = PBXGroup;
			children = (
				76FFBF792B9E0802002C4BF6 /* StripeTPQ.app */,
				76FFBF8B2B9E0804002C4BF6 /* StripeTPQTests.xctest */,
				76FFBF952B9E0804002C4BF6 /* StripeTPQUITests.xctest */,
			);
			name = Products;
			sourceTree = "<group>";
		};
		76FFBF7B2B9E0802002C4BF6 /* StripeTPQ */ = {
			isa = PBXGroup;
			children = (
				76FFBF7C2B9E0802002C4BF6 /* StripeTPQApp.swift */,
				76FFBF7E2B9E0802002C4BF6 /* ContentView.swift */,
				76FFBF802B9E0802002C4BF6 /* Item.swift */,
				76FFBF822B9E0804002C4BF6 /* Assets.xcassets */,
				76FFBF842B9E0804002C4BF6 /* Preview Content */,
			);
			path = StripeTPQ;
			sourceTree = "<group>";
		};
		76FFBF842B9E0804002C4BF6 /* Preview Content */ = {
			isa = PBXGroup;
			children = (
				76FFBF852B9E0804002C4BF6 /* Preview Assets.xcassets */,
			);
			path = "Preview Content";
			sourceTree = "<group>";
		};
		76FFBF8E2B9E0804002C4BF6 /* StripeTPQTests */ = {
			isa = PBXGroup;
			children = (
				76FFBF8F2B9E0804002C4BF6 /* StripeTPQTests.swift */,
			);
			path = StripeTPQTests;
			sourceTree = "<group>";
		};
		76FFBF982B9E0804002C4BF6 /* StripeTPQUITests */ = {
			isa = PBXGroup;
			children = (
				76FFBF992B9E0804002C4BF6 /* StripeTPQUITests.swift */,
				76FFBF9B2B9E0804002C4BF6 /* StripeTPQUITestsLaunchTests.swift */,
			);
			path = StripeTPQUITests;
			sourceTree = "<group>";
		};
/* End PBXGroup section */

/* Begin PBXNativeTarget section */
		76FFBF782B9E0802002C4BF6 /* StripeTPQ */ = {
			isa = PBXNativeTarget;
			buildConfigurationList = 76FFBF9F2B9E0804002C4BF6 /* Build configuration list for PBXNativeTarget "StripeTPQ" */;
			buildPhases = (
				76FFBF752B9E0802002C4BF6 /* Sources */,
				76FFBF762B9E0802002C4BF6 /* Frameworks */,
				76FFBF772B9E0802002C4BF6 /* Resources */,
			);
			buildRules = (
			);
			dependencies = (
			);
			name = StripeTPQ;
			productName = StripeTPQ;
			productReference = 76FFBF792B9E0802002C4BF6 /* StripeTPQ.app */;
			productType = "com.apple.product-type.application";
		};
		76FFBF8A2B9E0804002C4BF6 /* StripeTPQTests */ = {
			isa = PBXNativeTarget;
			buildConfigurationList = 76FFBFA22B9E0804002C4BF6 /* Build configuration list for PBXNativeTarget "StripeTPQTests" */;
			buildPhases = (
				76FFBF872B9E0804002C4BF6 /* Sources */,
				76FFBF882B9E0804002C4BF6 /* Frameworks */,
				76FFBF892B9E0804002C4BF6 /* Resources */,
			);
			buildRules = (
			);
			dependencies = (
				76FFBF8D2B9E0804002C4BF6 /* PBXTargetDependency */,
			);
			name = StripeTPQTests;
			productName = StripeTPQTests;
			productReference = 76FFBF8B2B9E0804002C4BF6 /* StripeTPQTests.xctest */;
			productType = "com.apple.product-type.bundle.unit-test";
		};
		76FFBF942B9E0804002C4BF6 /* StripeTPQUITests */ = {
			isa = PBXNativeTarget;
			buildConfigurationList = 76FFBFA52B9E0804002C4BF6 /* Build configuration list for PBXNativeTarget "StripeTPQUITests" */;
			buildPhases = (
				76FFBF912B9E0804002C4BF6 /* Sources */,
				76FFBF922B9E0804002C4BF6 /* Frameworks */,
				76FFBF932B9E0804002C4BF6 /* Resources */,
			);
			buildRules = (
			);
			dependencies = (
				76FFBF972B9E0804002C4BF6 /* PBXTargetDependency */,
			);
			name = StripeTPQUITests;
			productName = StripeTPQUITests;
			productReference = 76FFBF952B9E0804002C4BF6 /* StripeTPQUITests.xctest */;
			productType = "com.apple.product-type.bundle.ui-testing";
		};
/* End PBXNativeTarget section */

/* Begin PBXProject section */
		76FFBF712B9E0802002C4BF6 /* Project object */ = {
			isa = PBXProject;
			attributes = {
				BuildIndependentTargetsInParallel = 1;
				LastSwiftUpdateCheck = 1530;
				LastUpgradeCheck = 1530;
				TargetAttributes = {
					76FFBF782B9E0802002C4BF6 = {
						CreatedOnToolsVersion = 15.3;
					};
					76FFBF8A2B9E0804002C4BF6 = {
						CreatedOnToolsVersion = 15.3;
						TestTargetID = 76FFBF782B9E0802002C4BF6;
					};
					76FFBF942B9E0804002C4BF6 = {
						CreatedOnToolsVersion = 15.3;
						TestTargetID = 76FFBF782B9E0802002C4BF6;
					};
				};
			};
			buildConfigurationList = 76FFBF742B9E0802002C4BF6 /* Build configuration list for PBXProject "StripeTPQ" */;
			compatibilityVersion = "Xcode 14.0";
			developmentRegion = en;
			hasScannedForEncodings = 0;
			knownRegions = (
				en,
				Base,
			);
			mainGroup = 76FFBF702B9E0802002C4BF6;
			productRefGroup = 76FFBF7A2B9E0802002C4BF6 /* Products */;
			projectDirPath = "";
			projectRoot = "";
			targets = (
				76FFBF782B9E0802002C4BF6 /* StripeTPQ */,
				76FFBF8A2B9E0804002C4BF6 /* StripeTPQTests */,
				76FFBF942B9E0804002C4BF6 /* StripeTPQUITests */,
			);
		};
/* End PBXProject section */

/* Begin PBXResourcesBuildPhase section */
		76FFBF772B9E0802002C4BF6 /* Resources */ = {
			isa = PBXResourcesBuildPhase;
			buildActionMask = 2147483647;
			files = (
				76FFBF862B9E0804002C4BF6 /* Preview Assets.xcassets in Resources */,
				76FFBF832B9E0804002C4BF6 /* Assets.xcassets in Resources */,
			);
			runOnlyForDeploymentPostprocessing = 0;
		};
		76FFBF892B9E0804002C4BF6 /* Resources */ = {
			isa = PBXResourcesBuildPhase;
			buildActionMask = 2147483647;
			files = (
			);
			runOnlyForDeploymentPostprocessing = 0;
		};
		76FFBF932B9E0804002C4BF6 /* Resources */ = {
			isa = PBXResourcesBuildPhase;
			buildActionMask = 2147483647;
			files = (
			);
			runOnlyForDeploymentPostprocessing = 0;
		};
/* End PBXResourcesBuildPhase section */

/* Begin PBXSourcesBuildPhase section */
		76FFBF752B9E0802002C4BF6 /* Sources */ = {
			isa = PBXSourcesBuildPhase;
			buildActionMask = 2147483647;
			files = (
				76FFBF7F2B9E0802002C4BF6 /* ContentView.swift in Sources */,
				76FFBF812B9E0802002C4BF6 /* Item.swift in Sources */,
				76FFBF7D2B9E0802002C4BF6 /* StripeTPQApp.swift in Sources */,
			);
			runOnlyForDeploymentPostprocessing = 0;
		};
		76FFBF872B9E0804002C4BF6 /* Sources */ = {
			isa = PBXSourcesBuildPhase;
			buildActionMask = 2147483647;
			files = (
				76FFBF902B9E0804002C4BF6 /* StripeTPQTests.swift in Sources */,
			);
			runOnlyForDeploymentPostprocessing = 0;
		};
		76FFBF912B9E0804002C4BF6 /* Sources */ = {
			isa = PBXSourcesBuildPhase;
			buildActionMask = 2147483647;
			files = (
				76FFBF9A2B9E0804002C4BF6 /* StripeTPQUITests.swift in Sources */,
				76FFBF9C2B9E0804002C4BF6 /* StripeTPQUITestsLaunchTests.swift in Sources */,
			);
			runOnlyForDeploymentPostprocessing = 0;
		};
/* End PBXSourcesBuildPhase section */

/* Begin PBXTargetDependency section */
		76FFBF8D2B9E0804002C4BF6 /* PBXTargetDependency */ = {
			isa = PBXTargetDependency;
			target = 76FFBF782B9E0802002C4BF6 /* StripeTPQ */;
			targetProxy = 76FFBF8C2B9E0804002C4BF6 /* PBXContainerItemProxy */;
		};
		76FFBF972B9E0804002C4BF6 /* PBXTargetDependency */ = {
			isa = PBXTargetDependency;
			target = 76FFBF782B9E0802002C4BF6 /* StripeTPQ */;
			targetProxy = 76FFBF962B9E0804002C4BF6 /* PBXContainerItemProxy */;
		};
/* End PBXTargetDependency section */

/* Begin XCBuildConfiguration section */
		76FFBF9D2B9E0804002C4BF6 /* Debug */ = {
			isa = XCBuildConfiguration;
			buildSettings = {
				ALWAYS_SEARCH_USER_PATHS = NO;
				ASSETCATALOG_COMPILER_GENERATE_SWIFT_ASSET_SYMBOL_EXTENSIONS = YES;
				CLANG_ANALYZER_NONNULL = YES;
				CLANG_ANALYZER_NUMBER_OBJECT_CONVERSION = YES_AGGRESSIVE;
				CLANG_CXX_LANGUAGE_STANDARD = "gnu++20";
				CLANG_ENABLE_MODULES = YES;
				CLANG_ENABLE_OBJC_ARC = YES;
				CLANG_ENABLE_OBJC_WEAK = YES;
				CLANG_WARN_BLOCK_CAPTURE_AUTORELEASING = YES;
				CLANG_WARN_BOOL_CONVERSION = YES;
				CLANG_WARN_COMMA = YES;
				CLANG_WARN_CONSTANT_CONVERSION = YES;
				CLANG_WARN_DEPRECATED_OBJC_IMPLEMENTATIONS = YES;
				CLANG_WARN_DIRECT_OBJC_ISA_USAGE = YES_ERROR;
				CLANG_WARN_DOCUMENTATION_COMMENTS = YES;
				CLANG_WARN_EMPTY_BODY = YES;
				CLANG_WARN_ENUM_CONVERSION = YES;
				CLANG_WARN_INFINITE_RECURSION = YES;
				CLANG_WARN_INT_CONVERSION = YES;
				CLANG_WARN_NON_LITERAL_NULL_CONVERSION = YES;
				CLANG_WARN_OBJC_IMPLICIT_RETAIN_SELF = YES;
				CLANG_WARN_OBJC_LITERAL_CONVERSION = YES;
				CLANG_WARN_OBJC_ROOT_CLASS = YES_ERROR;
				CLANG_WARN_QUOTED_INCLUDE_IN_FRAMEWORK_HEADER = YES;
				CLANG_WARN_RANGE_LOOP_ANALYSIS = YES;
				CLANG_WARN_STRICT_PROTOTYPES = YES;
				CLANG_WARN_SUSPICIOUS_MOVE = YES;
				CLANG_WARN_UNGUARDED_AVAILABILITY = YES_AGGRESSIVE;
				CLANG_WARN_UNREACHABLE_CODE = YES;
				CLANG_WARN__DUPLICATE_METHOD_MATCH = YES;
				COPY_PHASE_STRIP = NO;
				DEBUG_INFORMATION_FORMAT = dwarf;
				ENABLE_STRICT_OBJC_MSGSEND = YES;
				ENABLE_TESTABILITY = YES;
				ENABLE_USER_SCRIPT_SANDBOXING = YES;
				GCC_C_LANGUAGE_STANDARD = gnu17;
				GCC_DYNAMIC_NO_PIC = NO;
				GCC_NO_COMMON_BLOCKS = YES;
				GCC_OPTIMIZATION_LEVEL = 0;
				GCC_PREPROCESSOR_DEFINITIONS = (
					"DEBUG=1",
					"$(inherited)",
				);
				GCC_WARN_64_TO_32_BIT_CONVERSION = YES;
				GCC_WARN_ABOUT_RETURN_TYPE = YES_ERROR;
				GCC_WARN_UNDECLARED_SELECTOR = YES;
				GCC_WARN_UNINITIALIZED_AUTOS = YES_AGGRESSIVE;
				GCC_WARN_UNUSED_FUNCTION = YES;
				GCC_WARN_UNUSED_VARIABLE = YES;
				IPHONEOS_DEPLOYMENT_TARGET = 17.4;
				LOCALIZATION_PREFERS_STRING_CATALOGS = YES;
				MTL_ENABLE_DEBUG_INFO = INCLUDE_SOURCE;
				MTL_FAST_MATH = YES;
				ONLY_ACTIVE_ARCH = YES;
				SDKROOT = iphoneos;
				SWIFT_ACTIVE_COMPILATION_CONDITIONS = "DEBUG $(inherited)";
				SWIFT_OPTIMIZATION_LEVEL = "-Onone";
			};
			name = Debug;
		};
		76FFBF9E2B9E0804002C4BF6 /* Release */ = {
			isa = XCBuildConfiguration;
			buildSettings = {
				ALWAYS_SEARCH_USER_PATHS = NO;
				ASSETCATALOG_COMPILER_GENERATE_SWIFT_ASSET_SYMBOL_EXTENSIONS = YES;
				CLANG_ANALYZER_NONNULL = YES;
				CLANG_ANALYZER_NUMBER_OBJECT_CONVERSION = YES_AGGRESSIVE;
				CLANG_CXX_LANGUAGE_STANDARD = "gnu++20";
				CLANG_ENABLE_MODULES = YES;
				CLANG_ENABLE_OBJC_ARC = YES;
				CLANG_ENABLE_OBJC_WEAK = YES;
				CLANG_WARN_BLOCK_CAPTURE_AUTORELEASING = YES;
				CLANG_WARN_BOOL_CONVERSION = YES;
				CLANG_WARN_COMMA = YES;
				CLANG_WARN_CONSTANT_CONVERSION = YES;
				CLANG_WARN_DEPRECATED_OBJC_IMPLEMENTATIONS = YES;
				CLANG_WARN_DIRECT_OBJC_ISA_USAGE = YES_ERROR;
				CLANG_WARN_DOCUMENTATION_COMMENTS = YES;
				CLANG_WARN_EMPTY_BODY = YES;
				CLANG_WARN_ENUM_CONVERSION = YES;
				CLANG_WARN_INFINITE_RECURSION = YES;
				CLANG_WARN_INT_CONVERSION = YES;
				CLANG_WARN_NON_LITERAL_NULL_CONVERSION = YES;
				CLANG_WARN_OBJC_IMPLICIT_RETAIN_SELF = YES;
				CLANG_WARN_OBJC_LITERAL_CONVERSION = YES;
				CLANG_WARN_OBJC_ROOT_CLASS = YES_ERROR;
				CLANG_WARN_QUOTED_INCLUDE_IN_FRAMEWORK_HEADER = YES;
				CLANG_WARN_RANGE_LOOP_ANALYSIS = YES;
				CLANG_WARN_STRICT_PROTOTYPES = YES;
				CLANG_WARN_SUSPICIOUS_MOVE = YES;
				CLANG_WARN_UNGUARDED_AVAILABILITY = YES_AGGRESSIVE;
				CLANG_WARN_UNREACHABLE_CODE = YES;
				CLANG_WARN__DUPLICATE_METHOD_MATCH = YES;
				COPY_PHASE_STRIP = NO;
				DEBUG_INFORMATION_FORMAT = "dwarf-with-dsym";
				ENABLE_NS_ASSERTIONS = NO;
				ENABLE_STRICT_OBJC_MSGSEND = YES;
				ENABLE_USER_SCRIPT_SANDBOXING = YES;
				GCC_C_LANGUAGE_STANDARD = gnu17;
				GCC_NO_COMMON_BLOCKS = YES;
				GCC_WARN_64_TO_32_BIT_CONVERSION = YES;
				GCC_WARN_ABOUT_RETURN_TYPE = YES_ERROR;
				GCC_WARN_UNDECLARED_SELECTOR = YES;
				GCC_WARN_UNINITIALIZED_AUTOS = YES_AGGRESSIVE;
				GCC_WARN_UNUSED_FUNCTION = YES;
				GCC_WARN_UNUSED_VARIABLE = YES;
				IPHONEOS_DEPLOYMENT_TARGET = 17.4;
				LOCALIZATION_PREFERS_STRING_CATALOGS = YES;
				MTL_ENABLE_DEBUG_INFO = NO;
				MTL_FAST_MATH = YES;
				SDKROOT = iphoneos;
				SWIFT_COMPILATION_MODE = wholemodule;
				VALIDATE_PRODUCT = YES;
			};
			name = Release;
		};
		76FFBFA02B9E0804002C4BF6 /* Debug */ = {
			isa = XCBuildConfiguration;
			buildSettings = {
				ASSETCATALOG_COMPILER_APPICON_NAME = AppIcon;
				ASSETCATALOG_COMPILER_GLOBAL_ACCENT_COLOR_NAME = AccentColor;
				CODE_SIGN_STYLE = Automatic;
				CURRENT_PROJECT_VERSION = 1;
				DEVELOPMENT_ASSET_PATHS = "\"StripeTPQ/Preview Content\"";
				ENABLE_PREVIEWS = YES;
				GENERATE_INFOPLIST_FILE = YES;
				INFOPLIST_KEY_UIApplicationSceneManifest_Generation = YES;
				INFOPLIST_KEY_UIApplicationSupportsIndirectInputEvents = YES;
				INFOPLIST_KEY_UILaunchScreen_Generation = YES;
				INFOPLIST_KEY_UISupportedInterfaceOrientations_iPad = "UIInterfaceOrientationPortrait UIInterfaceOrientationPortraitUpsideDown UIInterfaceOrientationLandscapeLeft UIInterfaceOrientationLandscapeRight";
				INFOPLIST_KEY_UISupportedInterfaceOrientations_iPhone = "UIInterfaceOrientationPortrait UIInterfaceOrientationLandscapeLeft UIInterfaceOrientationLandscapeRight";
				LD_RUNPATH_SEARCH_PATHS = (
					"$(inherited)",
					"@executable_path/Frameworks",
				);
				MARKETING_VERSION = 1.0;
				PRODUCT_BUNDLE_IDENTIFIER = com.tunaswiffecoos.StripeTPQ;
				PRODUCT_NAME = "$(TARGET_NAME)";
				SWIFT_EMIT_LOC_STRINGS = YES;
				SWIFT_VERSION = 5.0;
				TARGETED_DEVICE_FAMILY = "1,2";
			};
			name = Debug;
		};
		76FFBFA12B9E0804002C4BF6 /* Release */ = {
			isa = XCBuildConfiguration;
			buildSettings = {
				ASSETCATALOG_COMPILER_APPICON_NAME = AppIcon;
				ASSETCATALOG_COMPILER_GLOBAL_ACCENT_COLOR_NAME = AccentColor;
				CODE_SIGN_STYLE = Automatic;
				CURRENT_PROJECT_VERSION = 1;
				DEVELOPMENT_ASSET_PATHS = "\"StripeTPQ/Preview Content\"";
				ENABLE_PREVIEWS = YES;
				GENERATE_INFOPLIST_FILE = YES;
				INFOPLIST_KEY_UIApplicationSceneManifest_Generation = YES;
				INFOPLIST_KEY_UIApplicationSupportsIndirectInputEvents = YES;
				INFOPLIST_KEY_UILaunchScreen_Generation = YES;
				INFOPLIST_KEY_UISupportedInterfaceOrientations_iPad = "UIInterfaceOrientationPortrait UIInterfaceOrientationPortraitUpsideDown UIInterfaceOrientationLandscapeLeft UIInterfaceOrientationLandscapeRight";
				INFOPLIST_KEY_UISupportedInterfaceOrientations_iPhone = "UIInterfaceOrientationPortrait UIInterfaceOrientationLandscapeLeft UIInterfaceOrientationLandscapeRight";
				LD_RUNPATH_SEARCH_PATHS = (
					"$(inherited)",
					"@executable_path/Frameworks",
				);
				MARKETING_VERSION = 1.0;
				PRODUCT_BUNDLE_IDENTIFIER = com.tunaswiffecoos.StripeTPQ;
				PRODUCT_NAME = "$(TARGET_NAME)";
				SWIFT_EMIT_LOC_STRINGS = YES;
				SWIFT_VERSION = 5.0;
				TARGETED_DEVICE_FAMILY = "1,2";
			};
			name = Release;
		};
		76FFBFA32B9E0804002C4BF6 /* Debug */ = {
			isa = XCBuildConfiguration;
			buildSettings = {
				ALWAYS_EMBED_SWIFT_STANDARD_LIBRARIES = YES;
				BUNDLE_LOADER = "$(TEST_HOST)";
				CODE_SIGN_STYLE = Automatic;
				CURRENT_PROJECT_VERSION = 1;
				GENERATE_INFOPLIST_FILE = YES;
				IPHONEOS_DEPLOYMENT_TARGET = 17.4;
				MARKETING_VERSION = 1.0;
				PRODUCT_BUNDLE_IDENTIFIER = com.tunaswiffecoos.StripeTPQTests;
				PRODUCT_NAME = "$(TARGET_NAME)";
				SWIFT_EMIT_LOC_STRINGS = NO;
				SWIFT_VERSION = 5.0;
				TARGETED_DEVICE_FAMILY = "1,2";
				TEST_HOST = "$(BUILT_PRODUCTS_DIR)/StripeTPQ.app/$(BUNDLE_EXECUTABLE_FOLDER_PATH)/StripeTPQ";
			};
			name = Debug;
		};
		76FFBFA42B9E0804002C4BF6 /* Release */ = {
			isa = XCBuildConfiguration;
			buildSettings = {
				ALWAYS_EMBED_SWIFT_STANDARD_LIBRARIES = YES;
				BUNDLE_LOADER = "$(TEST_HOST)";
				CODE_SIGN_STYLE = Automatic;
				CURRENT_PROJECT_VERSION = 1;
				GENERATE_INFOPLIST_FILE = YES;
				IPHONEOS_DEPLOYMENT_TARGET = 17.4;
				MARKETING_VERSION = 1.0;
				PRODUCT_BUNDLE_IDENTIFIER = com.tunaswiffecoos.StripeTPQTests;
				PRODUCT_NAME = "$(TARGET_NAME)";
				SWIFT_EMIT_LOC_STRINGS = NO;
				SWIFT_VERSION = 5.0;
				TARGETED_DEVICE_FAMILY = "1,2";
				TEST_HOST = "$(BUILT_PRODUCTS_DIR)/StripeTPQ.app/$(BUNDLE_EXECUTABLE_FOLDER_PATH)/StripeTPQ";
			};
			name = Release;
		};
		76FFBFA62B9E0804002C4BF6 /* Debug */ = {
			isa = XCBuildConfiguration;
			buildSettings = {
				ALWAYS_EMBED_SWIFT_STANDARD_LIBRARIES = YES;
				CODE_SIGN_STYLE = Automatic;
				CURRENT_PROJECT_VERSION = 1;
				GENERATE_INFOPLIST_FILE = YES;
				MARKETING_VERSION = 1.0;
				PRODUCT_BUNDLE_IDENTIFIER = com.tunaswiffecoos.StripeTPQUITests;
				PRODUCT_NAME = "$(TARGET_NAME)";
				SWIFT_EMIT_LOC_STRINGS = NO;
				SWIFT_VERSION = 5.0;
				TARGETED_DEVICE_FAMILY = "1,2";
				TEST_TARGET_NAME = StripeTPQ;
			};
			name = Debug;
		};
		76FFBFA72B9E0804002C4BF6 /* Release */ = {
			isa = XCBuildConfiguration;
			buildSettings = {
				ALWAYS_EMBED_SWIFT_STANDARD_LIBRARIES = YES;
				CODE_SIGN_STYLE = Automatic;
				CURRENT_PROJECT_VERSION = 1;
				GENERATE_INFOPLIST_FILE = YES;
				MARKETING_VERSION = 1.0;
				PRODUCT_BUNDLE_IDENTIFIER = com.tunaswiffecoos.StripeTPQUITests;
				PRODUCT_NAME = "$(TARGET_NAME)";
				SWIFT_EMIT_LOC_STRINGS = NO;
				SWIFT_VERSION = 5.0;
				TARGETED_DEVICE_FAMILY = "1,2";
				TEST_TARGET_NAME = StripeTPQ;
			};
			name = Release;
		};
/* End XCBuildConfiguration section */

/* Begin XCConfigurationList section */
		76FFBF742B9E0802002C4BF6 /* Build configuration list for PBXProject "StripeTPQ" */ = {
			isa = XCConfigurationList;
			buildConfigurations = (
				76FFBF9D2B9E0804002C4BF6 /* Debug */,
				76FFBF9E2B9E0804002C4BF6 /* Release */,
			);
			defaultConfigurationIsVisible = 0;
			defaultConfigurationName = Release;
		};
		76FFBF9F2B9E0804002C4BF6 /* Build configuration list for PBXNativeTarget "StripeTPQ" */ = {
			isa = XCConfigurationList;
			buildConfigurations = (
				76FFBFA02B9E0804002C4BF6 /* Debug */,
				76FFBFA12B9E0804002C4BF6 /* Release */,
			);
			defaultConfigurationIsVisible = 0;
			defaultConfigurationName = Release;
		};
		76FFBFA22B9E0804002C4BF6 /* Build configuration list for PBXNativeTarget "StripeTPQTests" */ = {
			isa = XCConfigurationList;
			buildConfigurations = (
				76FFBFA32B9E0804002C4BF6 /* Debug */,
				76FFBFA42B9E0804002C4BF6 /* Release */,
			);
			defaultConfigurationIsVisible = 0;
			defaultConfigurationName = Release;
		};
		76FFBFA52B9E0804002C4BF6 /* Build configuration list for PBXNativeTarget "StripeTPQUITests" */ = {
			isa = XCConfigurationList;
			buildConfigurations = (
				76FFBFA62B9E0804002C4BF6 /* Debug */,
				76FFBFA72B9E0804002C4BF6 /* Release */,
			);
			defaultConfigurationIsVisible = 0;
			defaultConfigurationName = Release;
		};
/* End XCConfigurationList section */
	};
	rootObject = 76FFBF712B9E0802002C4BF6 /* Project object */;
}
